hash: a8dc4764af7408652ecfd8000ac750749705d03dfe489e4a09a7463e9f59ee09
updated: 2016-07-17T13:24:48.398212925+02:00
imports:
- name: github.com/camembertaulaitcrew/moi-j-aime-generator
  version: 751915e1eb3a81a210cfe063325bd067792f7b8c
- name: github.com/gin-gonic/gin
  version: 751915e1eb3a81a210cfe063325bd067792f7b8c
- name: github.com/golang/protobuf
  version: 751915e1eb3a81a210cfe063325bd067792f7b8c
  subpackages:
  - proto
- name: github.com/manucorporat/sse
  version: 751915e1eb3a81a210cfe063325bd067792f7b8c
- name: github.com/shazow/memoizer
  version: 74fc48eaeadc91587011d9cc4f29ed398d2909c5
- name: github.com/urfave/cli
  version: 751915e1eb3a81a210cfe063325bd067792f7b8c
- name: github.com/yanatan16/golang-soundcloud
  version: 751915e1eb3a81a210cfe063325bd067792f7b8c
  subpackages:
  - soundcloud
- name: golang.org/x/net
  version: 751915e1eb3a81a210cfe063325bd067792f7b8c
  subpackages:
  - context
- name: gopkg.in/go-playground/validator.v8
  version: 751915e1eb3a81a210cfe063325bd067792f7b8c
- name: gopkg.in/yaml.v2
  version: 751915e1eb3a81a210cfe063325bd067792f7b8c
devImports: []
