hash: a2487d08348752dc91a0df86a80c405527041d561e56cea0e43feda2a7d195f1
updated: 2016-09-27T13:08:39.860444264+02:00
imports:
- name: github.com/camembertaulaitcrew/moi-j-aime-generator
  version: 3d3460be75243ad727d12644d2c381b8231955dc
- name: github.com/gin-gonic/gin
  version: f931d1ea80ae95a6fc739213cdd9399bd2967fb6
- name: github.com/golang/protobuf
  version: 87c000235d3d852c1628dc9490cd21ab36a7d69f
  subpackages:
  - proto
- name: github.com/manucorporat/sse
  version: ee05b128a739a0fb76c7ebd3ae4810c1de808d6d
- name: github.com/moul/numberinfo
  version: 753f372df50989520206acbccb81bdd33eae1f1d
- name: github.com/shazow/memoizer
  version: 74fc48eaeadc91587011d9cc4f29ed398d2909c5
- name: github.com/tpyolang/tpyo-cli
  version: 6ba04c3a8dec5695462c122162464062438a17a3
- name: github.com/ultreme/go-kryptos
  version: 881f4774ed8188eb21c9f54f3cb1f5da2f785fbb
- name: github.com/urfave/cli
  version: d53eb991652b1d438abdd34ce4bfa3ef1539108e
- name: github.com/yanatan16/golang-soundcloud
  version: afe0c9115e3c7a6a3c33bdce840900afd6d166ac
  subpackages:
  - soundcloud
- name: golang.org/x/net
  version: f09c4662a0bd6bd8943ac7b4931e185df9471da4
  subpackages:
  - context
- name: gopkg.in/go-playground/validator.v8
  version: 5f57d2222ad794d0dffb07e664ea05e2ee07d60c
- name: gopkg.in/yaml.v2
  version: 31c299268d302dd0aa9a0dcf765a3d58971ac83f
devImports: []
